
Microsoft Visual Studio Solution File, Format Version 12.00
# Visual Studio Version 17
VisualStudioVersion = 17.8.34511.84
MinimumVisualStudioVersion = 10.0.40219.1
Project("{FAE04EC0-301F-11D3-BF4B-00C04F79EFBC}") = "Week2", "Week2\Week2.csproj", "{96426F16-785C-4052-B8A2-AE9E6878C979}"
EndProject
Project("{FAE04EC0-301F-11D3-BF4B-00C04F79EFBC}") = "UserGenderValidation", "UserAgeValidation\UserGenderValidation.csproj", "{2A8B9D29-F740-48B2-AD63-F0882580AE8D}"
EndProject
Project("{FAE04EC0-301F-11D3-BF4B-00C04F79EFBC}") = "UserAgeValidation", "UserAgeValidation\UserAgeValidation.csproj", "{763278F4-5863-437B-89F8-D4C149A137C0}"
EndProject
Global
	GlobalSection(SolutionConfigurationPlatforms) = preSolution
		Debug|Any CPU = Debug|Any CPU
		Release|Any CPU = Release|Any CPU
	EndGlobalSection
	GlobalSection(ProjectConfigurationPlatforms) = postSolution
		{96426F16-785C-4052-B8A2-AE9E6878C979}.Debug|Any CPU.ActiveCfg = Debug|Any CPU
		{96426F16-785C-4052-B8A2-AE9E6878C979}.Debug|Any CPU.Build.0 = Debug|Any CPU
		{96426F16-785C-4052-B8A2-AE9E6878C979}.Release|Any CPU.ActiveCfg = Release|Any CPU
		{96426F16-785C-4052-B8A2-AE9E6878C979}.Release|Any CPU.Build.0 = Release|Any CPU
		{2A8B9D29-F740-48B2-AD63-F0882580AE8D}.Debug|Any CPU.ActiveCfg = Debug|Any CPU
		{2A8B9D29-F740-48B2-AD63-F0882580AE8D}.Debug|Any CPU.Build.0 = Debug|Any CPU
		{2A8B9D29-F740-48B2-AD63-F0882580AE8D}.Release|Any CPU.ActiveCfg = Release|Any CPU
		{2A8B9D29-F740-48B2-AD63-F0882580AE8D}.Release|Any CPU.Build.0 = Release|Any CPU
		{763278F4-5863-437B-89F8-D4C149A137C0}.Debug|Any CPU.ActiveCfg = Debug|Any CPU
		{763278F4-5863-437B-89F8-D4C149A137C0}.Debug|Any CPU.Build.0 = Debug|Any CPU
		{763278F4-5863-437B-89F8-D4C149A137C0}.Release|Any CPU.ActiveCfg = Release|Any CPU
		{763278F4-5863-437B-89F8-D4C149A137C0}.Release|Any CPU.Build.0 = Release|Any CPU
	EndGlobalSection
	GlobalSection(SolutionProperties) = preSolution
		HideSolutionNode = FALSE
	EndGlobalSection
	GlobalSection(ExtensibilityGlobals) = postSolution
		SolutionGuid = {90410A58-6533-4663-B736-744F23114E69}
	EndGlobalSection
EndGlobal
